// !$*UTF8*$!
{
	archiveVersion = 1;
	classes = {
	};
	objectVersion = 46;
	objects = {

/* Begin PBXBuildFile section */
		854F90C41518D9480085B8E1 /* main.cpp in Sources */ = {isa = PBXBuildFile; fileRef = 854F90C31518D9480085B8E1 /* main.cpp */; };
		854F90C61518D9480085B8E1 /* wallfinder.1 in CopyFiles */ = {isa = PBXBuildFile; fileRef = 854F90C51518D9480085B8E1 /* wallfinder.1 */; };
		859AE3A7151A39D6004B46D2 /* libjpeg.8.dylib in Frameworks */ = {isa = PBXBuildFile; fileRef = 859AE3A6151A39D6004B46D2 /* libjpeg.8.dylib */; };
		859AE3AC151A63A7004B46D2 /* wallfinder in CopyFiles */ = {isa = PBXBuildFile; fileRef = 854F90BF1518D9480085B8E1 /* wallfinder */; };
/* End PBXBuildFile section */

/* Begin PBXCopyFilesBuildPhase section */
		854F90BD1518D9480085B8E1 /* CopyFiles */ = {
			isa = PBXCopyFilesBuildPhase;
			buildActionMask = 2147483647;
			dstPath = /usr/share/man/man1/;
			dstSubfolderSpec = 0;
			files = (
				854F90C61518D9480085B8E1 /* wallfinder.1 in CopyFiles */,
			);
			runOnlyForDeploymentPostprocessing = 1;
		};
		859AE3AB151A637A004B46D2 /* CopyFiles */ = {
			isa = PBXCopyFilesBuildPhase;
			buildActionMask = 2147483647;
			dstPath = $SOURCE_ROOT/bin;
			dstSubfolderSpec = 0;
			files = (
				859AE3AC151A63A7004B46D2 /* wallfinder in CopyFiles */,
			);
			runOnlyForDeploymentPostprocessing = 0;
		};
/* End PBXCopyFilesBuildPhase section */

/* Begin PBXFileReference section */
		854F90BF1518D9480085B8E1 /* wallfinder */ = {isa = PBXFileReference; explicitFileType = "compiled.mach-o.executable"; includeInIndex = 0; path = wallfinder; sourceTree = BUILT_PRODUCTS_DIR; };
		854F90C31518D9480085B8E1 /* main.cpp */ = {isa = PBXFileReference; lastKnownFileType = sourcecode.cpp.cpp; path = main.cpp; sourceTree = "<group>"; };
		854F90C51518D9480085B8E1 /* wallfinder.1 */ = {isa = PBXFileReference; lastKnownFileType = text.man; path = wallfinder.1; sourceTree = "<group>"; };
		8573FD08151C81C300A5E2DB /* doxygen.sh */ = {isa = PBXFileReference; fileEncoding = 4; lastKnownFileType = text.script.sh; name = doxygen.sh; path = doc/doxygen.sh; sourceTree = "<group>"; };
		859AE395151A0D99004B46D2 /* doxygen.config */ = {isa = PBXFileReference; lastKnownFileType = text; name = doxygen.config; path = doc/doxygen.config; sourceTree = "<group>"; };
		859AE396151A0D99004B46D2 /* inputs.txt */ = {isa = PBXFileReference; lastKnownFileType = text; name = inputs.txt; path = doc/inputs.txt; sourceTree = "<group>"; };
		859AE39D151A2B25004B46D2 /* README.md */ = {isa = PBXFileReference; fileEncoding = 4; lastKnownFileType = text; path = README.md; sourceTree = "<group>"; };
		859AE3A6151A39D6004B46D2 /* libjpeg.8.dylib */ = {isa = PBXFileReference; lastKnownFileType = "compiled.mach-o.dylib"; name = libjpeg.8.dylib; path = usr/local/lib/libjpeg.8.dylib; sourceTree = SDKROOT; };
		859AE3A9151A3A40004B46D2 /* iojpeg.h */ = {isa = PBXFileReference; fileEncoding = 4; lastKnownFileType = sourcecode.c.h; path = iojpeg.h; sourceTree = "<group>"; };
/* End PBXFileReference section */

/* Begin PBXFrameworksBuildPhase section */
		854F90BC1518D9480085B8E1 /* Frameworks */ = {
			isa = PBXFrameworksBuildPhase;
			buildActionMask = 2147483647;
			files = (
				859AE3A7151A39D6004B46D2 /* libjpeg.8.dylib in Frameworks */,
			);
			runOnlyForDeploymentPostprocessing = 0;
		};
/* End PBXFrameworksBuildPhase section */

/* Begin PBXGroup section */
		854F90B41518D9470085B8E1 = {
			isa = PBXGroup;
			children = (
				859AE3A6151A39D6004B46D2 /* libjpeg.8.dylib */,
				859AE39D151A2B25004B46D2 /* README.md */,
				859AE38F151A087D004B46D2 /* doc */,
				854F90C21518D9480085B8E1 /* wallfinder */,
				854F90C01518D9480085B8E1 /* Products */,
			);
			sourceTree = "<group>";
		};
		854F90C01518D9480085B8E1 /* Products */ = {
			isa = PBXGroup;
			children = (
				854F90BF1518D9480085B8E1 /* wallfinder */,
			);
			name = Products;
			sourceTree = "<group>";
		};
		854F90C21518D9480085B8E1 /* wallfinder */ = {
			isa = PBXGroup;
			children = (
				854F90C31518D9480085B8E1 /* main.cpp */,
				859AE3A9151A3A40004B46D2 /* iojpeg.h */,
				854F90C51518D9480085B8E1 /* wallfinder.1 */,
			);
			path = wallfinder;
			sourceTree = "<group>";
		};
		859AE38F151A087D004B46D2 /* doc */ = {
			isa = PBXGroup;
			children = (
				859AE395151A0D99004B46D2 /* doxygen.config */,
				859AE396151A0D99004B46D2 /* inputs.txt */,
				8573FD08151C81C300A5E2DB /* doxygen.sh */,
			);
			name = doc;
			sourceTree = "<group>";
		};
/* End PBXGroup section */

/* Begin PBXLegacyTarget section */
		859AE3C1151C80DA004B46D2 /* doxygen */ = {
			isa = PBXLegacyTarget;
			buildArgumentsString = doxygen.sh;
			buildConfigurationList = 859AE3C2151C80DA004B46D2 /* Build configuration list for PBXLegacyTarget "doxygen" */;
			buildPhases = (
			);
			buildToolPath = /bin/sh;
			buildWorkingDirectory = /Users/niklas/Documents/Development/src/wallfinder/doc;
			dependencies = (
			);
			name = doxygen;
			passBuildSettingsInEnvironment = 1;
			productName = doxygen;
		};
/* End PBXLegacyTarget section */

/* Begin PBXNativeTarget section */
		854F90BE1518D9480085B8E1 /* wallfinder */ = {
			isa = PBXNativeTarget;
			buildConfigurationList = 854F90C91518D9480085B8E1 /* Build configuration list for PBXNativeTarget "wallfinder" */;
			buildPhases = (
				854F90BB1518D9480085B8E1 /* Sources */,
				854F90BC1518D9480085B8E1 /* Frameworks */,
				854F90BD1518D9480085B8E1 /* CopyFiles */,
				859AE3AB151A637A004B46D2 /* CopyFiles */,
			);
			buildRules = (
			);
			dependencies = (
			);
			name = wallfinder;
			productName = wallfinder;
			productReference = 854F90BF1518D9480085B8E1 /* wallfinder */;
			productType = "com.apple.product-type.tool";
		};
/* End PBXNativeTarget section */

/* Begin PBXProject section */
		854F90B61518D9470085B8E1 /* Project object */ = {
			isa = PBXProject;
			attributes = {
				LastUpgradeCheck = 0420;
				ORGANIZATIONNAME = KTH;
			};
			buildConfigurationList = 854F90B91518D9470085B8E1 /* Build configuration list for PBXProject "wallfinder" */;
			compatibilityVersion = "Xcode 3.2";
			developmentRegion = English;
			hasScannedForEncodings = 0;
			knownRegions = (
				en,
			);
			mainGroup = 854F90B41518D9470085B8E1;
			productRefGroup = 854F90C01518D9480085B8E1 /* Products */;
			projectDirPath = "";
			projectRoot = "";
			targets = (
				854F90BE1518D9480085B8E1 /* wallfinder */,
				859AE3C1151C80DA004B46D2 /* doxygen */,
			);
		};
/* End PBXProject section */

/* Begin PBXSourcesBuildPhase section */
		854F90BB1518D9480085B8E1 /* Sources */ = {
			isa = PBXSourcesBuildPhase;
			buildActionMask = 2147483647;
			files = (
				854F90C41518D9480085B8E1 /* main.cpp in Sources */,
			);
			runOnlyForDeploymentPostprocessing = 0;
		};
/* End PBXSourcesBuildPhase section */

/* Begin XCBuildConfiguration section */
		854F90C71518D9480085B8E1 /* Debug */ = {
			isa = XCBuildConfiguration;
			buildSettings = {
				ALWAYS_SEARCH_USER_PATHS = NO;
				ARCHS = "$(ARCHS_STANDARD_64_BIT)";
				COPY_PHASE_STRIP = NO;
				GCC_C_LANGUAGE_STANDARD = gnu99;
				GCC_DYNAMIC_NO_PIC = NO;
				GCC_ENABLE_OBJC_EXCEPTIONS = YES;
				GCC_OPTIMIZATION_LEVEL = 0;
				GCC_PREPROCESSOR_DEFINITIONS = (
					"DEBUG=1",
					"$(inherited)",
				);
				GCC_SYMBOLS_PRIVATE_EXTERN = NO;
				GCC_VERSION = com.apple.compilers.llvm.clang.1_0;
				GCC_WARN_64_TO_32_BIT_CONVERSION = YES;
				GCC_WARN_ABOUT_MISSING_PROTOTYPES = YES;
				GCC_WARN_ABOUT_RETURN_TYPE = YES;
				GCC_WARN_UNUSED_VARIABLE = YES;
				MACOSX_DEPLOYMENT_TARGET = 10.7;
				ONLY_ACTIVE_ARCH = YES;
				SDKROOT = macosx;
			};
			name = Debug;
		};
		854F90C81518D9480085B8E1 /* Release */ = {
			isa = XCBuildConfiguration;
			buildSettings = {
				ALWAYS_SEARCH_USER_PATHS = NO;
				ARCHS = "$(ARCHS_STANDARD_64_BIT)";
				COPY_PHASE_STRIP = YES;
				DEBUG_INFORMATION_FORMAT = "dwarf-with-dsym";
				GCC_C_LANGUAGE_STANDARD = gnu99;
				GCC_ENABLE_OBJC_EXCEPTIONS = YES;
				GCC_VERSION = com.apple.compilers.llvm.clang.1_0;
				GCC_WARN_64_TO_32_BIT_CONVERSION = YES;
				GCC_WARN_ABOUT_MISSING_PROTOTYPES = YES;
				GCC_WARN_ABOUT_RETURN_TYPE = YES;
				GCC_WARN_UNUSED_VARIABLE = YES;
				MACOSX_DEPLOYMENT_TARGET = 10.7;
				SDKROOT = macosx;
			};
			name = Release;
		};
		854F90CA1518D9480085B8E1 /* Debug */ = {
			isa = XCBuildConfiguration;
			buildSettings = {
				PRODUCT_NAME = "$(TARGET_NAME)";
			};
			name = Debug;
		};
		854F90CB1518D9480085B8E1 /* Release */ = {
			isa = XCBuildConfiguration;
			buildSettings = {
				PRODUCT_NAME = "$(TARGET_NAME)";
			};
			name = Release;
		};
		859AE3C3151C80DA004B46D2 /* Debug */ = {
			isa = XCBuildConfiguration;
			buildSettings = {
				DEBUGGING_SYMBOLS = YES;
				GCC_GENERATE_DEBUGGING_SYMBOLS = YES;
				GCC_OPTIMIZATION_LEVEL = 0;
				OTHER_CFLAGS = "";
				OTHER_LDFLAGS = "";
				PRODUCT_NAME = "$(TARGET_NAME)";
			};
			name = Debug;
		};
		859AE3C4151C80DA004B46D2 /* Release */ = {
			isa = XCBuildConfiguration;
			buildSettings = {
				OTHER_CFLAGS = "";
				OTHER_LDFLAGS = "";
				PRODUCT_NAME = "$(TARGET_NAME)";
			};
			name = Release;
		};
/* End XCBuildConfiguration section */

/* Begin XCConfigurationList section */
		854F90B91518D9470085B8E1 /* Build configuration list for PBXProject "wallfinder" */ = {
			isa = XCConfigurationList;
			buildConfigurations = (
				854F90C71518D9480085B8E1 /* Debug */,
				854F90C81518D9480085B8E1 /* Release */,
			);
			defaultConfigurationIsVisible = 0;
			defaultConfigurationName = Release;
		};
		854F90C91518D9480085B8E1 /* Build configuration list for PBXNativeTarget "wallfinder" */ = {
			isa = XCConfigurationList;
			buildConfigurations = (
				854F90CA1518D9480085B8E1 /* Debug */,
				854F90CB1518D9480085B8E1 /* Release */,
			);
			defaultConfigurationIsVisible = 0;
			defaultConfigurationName = Release;
		};
		859AE3C2151C80DA004B46D2 /* Build configuration list for PBXLegacyTarget "doxygen" */ = {
			isa = XCConfigurationList;
			buildConfigurations = (
				859AE3C3151C80DA004B46D2 /* Debug */,
				859AE3C4151C80DA004B46D2 /* Release */,
			);
			defaultConfigurationIsVisible = 0;
			defaultConfigurationName = Release;
		};
/* End XCConfigurationList section */
	};
	rootObject = 854F90B61518D9470085B8E1 /* Project object */;
}
